github.com/jonathon-chew/Aphrodite v1.5.1 h1:SJXRcFfJB0lGmXOK3zTaRZ8ZOFXrzwA8jgiAMbFI/5I=
github.com/jonathon-chew/Aphrodite v1.5.1/go.mod h1:tzCa06G5iPIelSpK6eVVwdCbGPDH+L3Uyf+HNzlKUIc=
github.com/jonathon-chew/Aphrodite v1.6.0 h1:dK5eDOnppfsV3piJcGjDlwX8HL0V2Blroipup8iLFU8=
github.com/jonathon-chew/Aphrodite v1.6.0/go.mod h1:OyXJTVUewxCSyQRNAbB2cAQNQD397Km/FCJZY//7pmA=
golang.org/x/sys v0.40.0 h1:DBZZqJ2Rkml6QMQsZywtnjnnGvHza6BTfYFWY9kjEWQ=
golang.org/x/sys v0.40.0/go.mod h1:OgkHotnGiDImocRcuBABYBEXf8A9a87e/uXjp9XT3ks=
golang.org/x/sys v0.44.0 h1:ildZl3J4uzeKP07r2F++Op7E9B29JRUy+a27EibtBTQ=
golang.org/x/sys v0.44.0/go.mod h1:4GL1E5IUh+htKOUEOaiffhrAeqysfVGipDYzABqnCmw=
golang.org/x/term v0.39.0 h1:RclSuaJf32jOqZz74CkPA9qFuVTX7vhLlpfj/IGWlqY=
golang.org/x/term v0.39.0/go.mod h1:yxzUCTP/U+FzoxfdKmLaA0RV1WgE0VY7hXBwKtY/4ww=
golang.org/x/term v0.43.0 h1:S4RLU2sB31O/NCl+zFN9Aru9A/Cq2aqKpTZJ6B+DwT4=
golang.org/x/term v0.43.0/go.mod h1:lrhlHNdQJHO+1qVYiHfFKVuVioJIheAc3fBSMFYEIsk=
